
Microsoft Visual Studio Solution File, Format Version 12.00
# Visual Studio Version 16
VisualStudioVersion = 16.0.30503.244
MinimumVisualStudioVersion = 10.0.40219.1
Project("{FAE04EC0-301F-11D3-BF4B-00C04F79EFBC}") = "Monopoly", "Monopoly\Monopoly.csproj", "{080461F4-5D81-48E8-A129-DC3B396CDAC9}"
EndProject
Project("{FAE04EC0-301F-11D3-BF4B-00C04F79EFBC}") = "Monopoly.BL", "Monopoly.BL\Monopoly.BL.csproj", "{2F272011-011C-49D9-952E-2D361BD4C243}"
EndProject
Project("{FAE04EC0-301F-11D3-BF4B-00C04F79EFBC}") = "Monopoly.DAL", "Monopoly.DAL\Monopoly.DAL.csproj", "{D7A520A2-FAA6-493D-A0AE-758EF0CB9163}"
EndProject
Project("{FAE04EC0-301F-11D3-BF4B-00C04F79EFBC}") = "Monopoly.Core", "Monopoly.Core\Monopoly.Core.csproj", "{2316C039-76CC-479A-A4C0-673180131058}"
EndProject
Global
	GlobalSection(SolutionConfigurationPlatforms) = preSolution
		Debug|Any CPU = Debug|Any CPU
		Release|Any CPU = Release|Any CPU
	EndGlobalSection
	GlobalSection(ProjectConfigurationPlatforms) = postSolution
		{080461F4-5D81-48E8-A129-DC3B396CDAC9}.Debug|Any CPU.ActiveCfg = Debug|Any CPU
		{080461F4-5D81-48E8-A129-DC3B396CDAC9}.Debug|Any CPU.Build.0 = Debug|Any CPU
		{080461F4-5D81-48E8-A129-DC3B396CDAC9}.Release|Any CPU.ActiveCfg = Release|Any CPU
		{080461F4-5D81-48E8-A129-DC3B396CDAC9}.Release|Any CPU.Build.0 = Release|Any CPU
		{2F272011-011C-49D9-952E-2D361BD4C243}.Debug|Any CPU.ActiveCfg = Debug|Any CPU
		{2F272011-011C-49D9-952E-2D361BD4C243}.Debug|Any CPU.Build.0 = Debug|Any CPU
		{2F272011-011C-49D9-952E-2D361BD4C243}.Release|Any CPU.ActiveCfg = Release|Any CPU
		{2F272011-011C-49D9-952E-2D361BD4C243}.Release|Any CPU.Build.0 = Release|Any CPU
		{D7A520A2-FAA6-493D-A0AE-758EF0CB9163}.Debug|Any CPU.ActiveCfg = Debug|Any CPU
		{D7A520A2-FAA6-493D-A0AE-758EF0CB9163}.Debug|Any CPU.Build.0 = Debug|Any CPU
		{D7A520A2-FAA6-493D-A0AE-758EF0CB9163}.Release|Any CPU.ActiveCfg = Release|Any CPU
		{D7A520A2-FAA6-493D-A0AE-758EF0CB9163}.Release|Any CPU.Build.0 = Release|Any CPU
		{2316C039-76CC-479A-A4C0-673180131058}.Debug|Any CPU.ActiveCfg = Debug|Any CPU
		{2316C039-76CC-479A-A4C0-673180131058}.Debug|Any CPU.Build.0 = Debug|Any CPU
		{2316C039-76CC-479A-A4C0-673180131058}.Release|Any CPU.ActiveCfg = Release|Any CPU
		{2316C039-76CC-479A-A4C0-673180131058}.Release|Any CPU.Build.0 = Release|Any CPU
	EndGlobalSection
	GlobalSection(SolutionProperties) = preSolution
		HideSolutionNode = FALSE
	EndGlobalSection
	GlobalSection(ExtensibilityGlobals) = postSolution
		SolutionGuid = {FC2BACA2-C5BE-4593-A224-D9C9D0041ED7}
	EndGlobalSection
EndGlobal
